// !$*UTF8*$!
{
	archiveVersion = 1;
	classes = {
	};
	objectVersion = 50;
	objects = {

/* Begin PBXBuildFile section */
		C4ADDF3729D8E6AC004E6CCB /* CleanEnergyCalculatorApp.swift in Sources */ = {isa = PBXBuildFile; fileRef = C4ADDF3629D8E6AC004E6CCB /* CleanEnergyCalculatorApp.swift */; };
		C4ADDF3929D8E6AC004E6CCB /* ContentView.swift in Sources */ = {isa = PBXBuildFile; fileRef = C4ADDF3829D8E6AC004E6CCB /* ContentView.swift */; };
		C4ADDF3B29D8E6AF004E6CCB /* Assets.xcassets in Resources */ = {isa = PBXBuildFile; fileRef = C4ADDF3A29D8E6AF004E6CCB /* Assets.xcassets */; };
		C4ADDF3E29D8E6AF004E6CCB /* Preview Assets.xcassets in Resources */ = {isa = PBXBuildFile; fileRef = C4ADDF3D29D8E6AF004E6CCB /* Preview Assets.xcassets */; };
		C4ADDF4629D8E74E004E6CCB /* ElectricBillView.swift in Sources */ = {isa = PBXBuildFile; fileRef = C4ADDF4529D8E74E004E6CCB /* ElectricBillView.swift */; };
		C4ADDF4829D8E774004E6CCB /* Travel.swift in Sources */ = {isa = PBXBuildFile; fileRef = C4ADDF4729D8E774004E6CCB /* Travel.swift */; };
		C4ADDF4A29D8E78A004E6CCB /* Recycle.swift in Sources */ = {isa = PBXBuildFile; fileRef = C4ADDF4929D8E78A004E6CCB /* Recycle.swift */; };
		C4ADDF4C29D8E7C5004E6CCB /* Results.swift in Sources */ = {isa = PBXBuildFile; fileRef = C4ADDF4B29D8E7C5004E6CCB /* Results.swift */; };
/* End PBXBuildFile section */

/* Begin PBXFileReference section */
		C4ADDF3329D8E6AC004E6CCB /* CleanEnergyCalculator.app */ = {isa = PBXFileReference; explicitFileType = wrapper.application; includeInIndex = 0; path = CleanEnergyCalculator.app; sourceTree = BUILT_PRODUCTS_DIR; };
		C4ADDF3629D8E6AC004E6CCB /* CleanEnergyCalculatorApp.swift */ = {isa = PBXFileReference; lastKnownFileType = sourcecode.swift; path = CleanEnergyCalculatorApp.swift; sourceTree = "<group>"; };
		C4ADDF3829D8E6AC004E6CCB /* ContentView.swift */ = {isa = PBXFileReference; lastKnownFileType = sourcecode.swift; path = ContentView.swift; sourceTree = "<group>"; };
		C4ADDF3A29D8E6AF004E6CCB /* Assets.xcassets */ = {isa = PBXFileReference; lastKnownFileType = folder.assetcatalog; path = Assets.xcassets; sourceTree = "<group>"; };
		C4ADDF3D29D8E6AF004E6CCB /* Preview Assets.xcassets */ = {isa = PBXFileReference; lastKnownFileType = folder.assetcatalog; path = "Preview Assets.xcassets"; sourceTree = "<group>"; };
		C4ADDF3F29D8E6AF004E6CCB /* Info.plist */ = {isa = PBXFileReference; lastKnownFileType = text.plist.xml; path = Info.plist; sourceTree = "<group>"; };
		C4ADDF4529D8E74E004E6CCB /* ElectricBillView.swift */ = {isa = PBXFileReference; lastKnownFileType = sourcecode.swift; path = ElectricBillView.swift; sourceTree = "<group>"; };
		C4ADDF4729D8E774004E6CCB /* Travel.swift */ = {isa = PBXFileReference; lastKnownFileType = sourcecode.swift; path = Travel.swift; sourceTree = "<group>"; };
		C4ADDF4929D8E78A004E6CCB /* Recycle.swift */ = {isa = PBXFileReference; lastKnownFileType = sourcecode.swift; path = Recycle.swift; sourceTree = "<group>"; };
		C4ADDF4B29D8E7C5004E6CCB /* Results.swift */ = {isa = PBXFileReference; lastKnownFileType = sourcecode.swift; path = Results.swift; sourceTree = "<group>"; };
/* End PBXFileReference section */

/* Begin PBXFrameworksBuildPhase section */
		C4ADDF3029D8E6AC004E6CCB /* Frameworks */ = {
			isa = PBXFrameworksBuildPhase;
			buildActionMask = 2147483647;
			files = (
			);
			runOnlyForDeploymentPostprocessing = 0;
		};
/* End PBXFrameworksBuildPhase section */

/* Begin PBXGroup section */
		C4ADDF2A29D8E6AC004E6CCB = {
			isa = PBXGroup;
			children = (
				C4ADDF3529D8E6AC004E6CCB /* CleanEnergyCalculator */,
				C4ADDF3429D8E6AC004E6CCB /* Products */,
			);
			sourceTree = "<group>";
		};
		C4ADDF3429D8E6AC004E6CCB /* Products */ = {
			isa = PBXGroup;
			children = (
				C4ADDF3329D8E6AC004E6CCB /* CleanEnergyCalculator.app */,
			);
			name = Products;
			sourceTree = "<group>";
		};
		C4ADDF3529D8E6AC004E6CCB /* CleanEnergyCalculator */ = {
			isa = PBXGroup;
			children = (
				C4ADDF3629D8E6AC004E6CCB /* CleanEnergyCalculatorApp.swift */,
				C4ADDF3829D8E6AC004E6CCB /* ContentView.swift */,
				C4ADDF4529D8E74E004E6CCB /* ElectricBillView.swift */,
				C4ADDF4729D8E774004E6CCB /* Travel.swift */,
				C4ADDF4929D8E78A004E6CCB /* Recycle.swift */,
				C4ADDF4B29D8E7C5004E6CCB /* Results.swift */,
				C4ADDF3A29D8E6AF004E6CCB /* Assets.xcassets */,
				C4ADDF3F29D8E6AF004E6CCB /* Info.plist */,
				C4ADDF3C29D8E6AF004E6CCB /* Preview Content */,
			);
			path = CleanEnergyCalculator;
			sourceTree = "<group>";
		};
		C4ADDF3C29D8E6AF004E6CCB /* Preview Content */ = {
			isa = PBXGroup;
			children = (
				C4ADDF3D29D8E6AF004E6CCB /* Preview Assets.xcassets */,
			);
			path = "Preview Content";
			sourceTree = "<group>";
		};
/* End PBXGroup section */

/* Begin PBXNativeTarget section */
		C4ADDF3229D8E6AC004E6CCB /* CleanEnergyCalculator */ = {
			isa = PBXNativeTarget;
			buildConfigurationList = C4ADDF4229D8E6AF004E6CCB /* Build configuration list for PBXNativeTarget "CleanEnergyCalculator" */;
			buildPhases = (
				C4ADDF2F29D8E6AC004E6CCB /* Sources */,
				C4ADDF3029D8E6AC004E6CCB /* Frameworks */,
				C4ADDF3129D8E6AC004E6CCB /* Resources */,
			);
			buildRules = (
			);
			dependencies = (
			);
			name = CleanEnergyCalculator;
			productName = CleanEnergyCalculator;
			productReference = C4ADDF3329D8E6AC004E6CCB /* CleanEnergyCalculator.app */;
			productType = "com.apple.product-type.application";
		};
/* End PBXNativeTarget section */

/* Begin PBXProject section */
		C4ADDF2B29D8E6AC004E6CCB /* Project object */ = {
			isa = PBXProject;
			attributes = {
				LastSwiftUpdateCheck = 1250;
				LastUpgradeCheck = 1250;
				TargetAttributes = {
					C4ADDF3229D8E6AC004E6CCB = {
						CreatedOnToolsVersion = 12.5.1;
					};
				};
			};
			buildConfigurationList = C4ADDF2E29D8E6AC004E6CCB /* Build configuration list for PBXProject "CleanEnergyCalculator" */;
			compatibilityVersion = "Xcode 9.3";
			developmentRegion = en;
			hasScannedForEncodings = 0;
			knownRegions = (
				en,
				Base,
			);
			mainGroup = C4ADDF2A29D8E6AC004E6CCB;
			productRefGroup = C4ADDF3429D8E6AC004E6CCB /* Products */;
			projectDirPath = "";
			projectRoot = "";
			targets = (
				C4ADDF3229D8E6AC004E6CCB /* CleanEnergyCalculator */,
			);
		};
/* End PBXProject section */

/* Begin PBXResourcesBuildPhase section */
		C4ADDF3129D8E6AC004E6CCB /* Resources */ = {
			isa = PBXResourcesBuildPhase;
			buildActionMask = 2147483647;
			files = (
				C4ADDF3E29D8E6AF004E6CCB /* Preview Assets.xcassets in Resources */,
				C4ADDF3B29D8E6AF004E6CCB /* Assets.xcassets in Resources */,
			);
			runOnlyForDeploymentPostprocessing = 0;
		};
/* End PBXResourcesBuildPhase section */

/* Begin PBXSourcesBuildPhase section */
		C4ADDF2F29D8E6AC004E6CCB /* Sources */ = {
			isa = PBXSourcesBuildPhase;
			buildActionMask = 2147483647;
			files = (
				C4ADDF4C29D8E7C5004E6CCB /* Results.swift in Sources */,
				C4ADDF3929D8E6AC004E6CCB /* ContentView.swift in Sources */,
				C4ADDF4829D8E774004E6CCB /* Travel.swift in Sources */,
				C4ADDF4629D8E74E004E6CCB /* ElectricBillView.swift in Sources */,
				C4ADDF3729D8E6AC004E6CCB /* CleanEnergyCalculatorApp.swift in Sources */,
				C4ADDF4A29D8E78A004E6CCB /* Recycle.swift in Sources */,
			);
			runOnlyForDeploymentPostprocessing = 0;
		};
/* End PBXSourcesBuildPhase section */

/* Begin XCBuildConfiguration section */
		C4ADDF4029D8E6AF004E6CCB /* Debug */ = {
			isa = XCBuildConfiguration;
			buildSettings = {
				ALWAYS_SEARCH_USER_PATHS = NO;
				CLANG_ANALYZER_NONNULL = YES;
				CLANG_ANALYZER_NUMBER_OBJECT_CONVERSION = YES_AGGRESSIVE;
				CLANG_CXX_LANGUAGE_STANDARD = "gnu++14";
				CLANG_CXX_LIBRARY = "libc++";
				CLANG_ENABLE_MODULES = YES;
				CLANG_ENABLE_OBJC_ARC = YES;
				CLANG_ENABLE_OBJC_WEAK = YES;
				CLANG_WARN_BLOCK_CAPTURE_AUTORELEASING = YES;
				CLANG_WARN_BOOL_CONVERSION = YES;
				CLANG_WARN_COMMA = YES;
				CLANG_WARN_CONSTANT_CONVERSION = YES;
				CLANG_WARN_DEPRECATED_OBJC_IMPLEMENTATIONS = YES;
				CLANG_WARN_DIRECT_OBJC_ISA_USAGE = YES_ERROR;
				CLANG_WARN_DOCUMENTATION_COMMENTS = YES;
				CLANG_WARN_EMPTY_BODY = YES;
				CLANG_WARN_ENUM_CONVERSION = YES;
				CLANG_WARN_INFINITE_RECURSION = YES;
				CLANG_WARN_INT_CONVERSION = YES;
				CLANG_WARN_NON_LITERAL_NULL_CONVERSION = YES;
				CLANG_WARN_OBJC_IMPLICIT_RETAIN_SELF = YES;
				CLANG_WARN_OBJC_LITERAL_CONVERSION = YES;
				CLANG_WARN_OBJC_ROOT_CLASS = YES_ERROR;
				CLANG_WARN_QUOTED_INCLUDE_IN_FRAMEWORK_HEADER = YES;
				CLANG_WARN_RANGE_LOOP_ANALYSIS = YES;
				CLANG_WARN_STRICT_PROTOTYPES = YES;
				CLANG_WARN_SUSPICIOUS_MOVE = YES;
				CLANG_WARN_UNGUARDED_AVAILABILITY = YES_AGGRESSIVE;
				CLANG_WARN_UNREACHABLE_CODE = YES;
				CLANG_WARN__DUPLICATE_METHOD_MATCH = YES;
				COPY_PHASE_STRIP = NO;
				DEBUG_INFORMATION_FORMAT = dwarf;
				ENABLE_STRICT_OBJC_MSGSEND = YES;
				ENABLE_TESTABILITY = YES;
				GCC_C_LANGUAGE_STANDARD = gnu11;
				GCC_DYNAMIC_NO_PIC = NO;
				GCC_NO_COMMON_BLOCKS = YES;
				GCC_OPTIMIZATION_LEVEL = 0;
				GCC_PREPROCESSOR_DEFINITIONS = (
					"DEBUG=1",
					"$(inherited)",
				);
				GCC_WARN_64_TO_32_BIT_CONVERSION = YES;
				GCC_WARN_ABOUT_RETURN_TYPE = YES_ERROR;
				GCC_WARN_UNDECLARED_SELECTOR = YES;
				GCC_WARN_UNINITIALIZED_AUTOS = YES_AGGRESSIVE;
				GCC_WARN_UNUSED_FUNCTION = YES;
				GCC_WARN_UNUSED_VARIABLE = YES;
				IPHONEOS_DEPLOYMENT_TARGET = 14.5;
				MTL_ENABLE_DEBUG_INFO = INCLUDE_SOURCE;
				MTL_FAST_MATH = YES;
				ONLY_ACTIVE_ARCH = YES;
				SDKROOT = iphoneos;
				SWIFT_ACTIVE_COMPILATION_CONDITIONS = DEBUG;
				SWIFT_OPTIMIZATION_LEVEL = "-Onone";
			};
			name = Debug;
		};
		C4ADDF4129D8E6AF004E6CCB /* Release */ = {
			isa = XCBuildConfiguration;
			buildSettings = {
				ALWAYS_SEARCH_USER_PATHS = NO;
				CLANG_ANALYZER_NONNULL = YES;
				CLANG_ANALYZER_NUMBER_OBJECT_CONVERSION = YES_AGGRESSIVE;
				CLANG_CXX_LANGUAGE_STANDARD = "gnu++14";
				CLANG_CXX_LIBRARY = "libc++";
				CLANG_ENABLE_MODULES = YES;
				CLANG_ENABLE_OBJC_ARC = YES;
				CLANG_ENABLE_OBJC_WEAK = YES;
				CLANG_WARN_BLOCK_CAPTURE_AUTORELEASING = YES;
				CLANG_WARN_BOOL_CONVERSION = YES;
				CLANG_WARN_COMMA = YES;
				CLANG_WARN_CONSTANT_CONVERSION = YES;
				CLANG_WARN_DEPRECATED_OBJC_IMPLEMENTATIONS = YES;
				CLANG_WARN_DIRECT_OBJC_ISA_USAGE = YES_ERROR;
				CLANG_WARN_DOCUMENTATION_COMMENTS = YES;
				CLANG_WARN_EMPTY_BODY = YES;
				CLANG_WARN_ENUM_CONVERSION = YES;
				CLANG_WARN_INFINITE_RECURSION = YES;
				CLANG_WARN_INT_CONVERSION = YES;
				CLANG_WARN_NON_LITERAL_NULL_CONVERSION = YES;
				CLANG_WARN_OBJC_IMPLICIT_RETAIN_SELF = YES;
				CLANG_WARN_OBJC_LITERAL_CONVERSION = YES;
				CLANG_WARN_OBJC_ROOT_CLASS = YES_ERROR;
				CLANG_WARN_QUOTED_INCLUDE_IN_FRAMEWORK_HEADER = YES;
				CLANG_WARN_RANGE_LOOP_ANALYSIS = YES;
				CLANG_WARN_STRICT_PROTOTYPES = YES;
				CLANG_WARN_SUSPICIOUS_MOVE = YES;
				CLANG_WARN_UNGUARDED_AVAILABILITY = YES_AGGRESSIVE;
				CLANG_WARN_UNREACHABLE_CODE = YES;
				CLANG_WARN__DUPLICATE_METHOD_MATCH = YES;
				COPY_PHASE_STRIP = NO;
				DEBUG_INFORMATION_FORMAT = "dwarf-with-dsym";
				ENABLE_NS_ASSERTIONS = NO;
				ENABLE_STRICT_OBJC_MSGSEND = YES;
				GCC_C_LANGUAGE_STANDARD = gnu11;
				GCC_NO_COMMON_BLOCKS = YES;
				GCC_WARN_64_TO_32_BIT_CONVERSION = YES;
				GCC_WARN_ABOUT_RETURN_TYPE = YES_ERROR;
				GCC_WARN_UNDECLARED_SELECTOR = YES;
				GCC_WARN_UNINITIALIZED_AUTOS = YES_AGGRESSIVE;
				GCC_WARN_UNUSED_FUNCTION = YES;
				GCC_WARN_UNUSED_VARIABLE = YES;
				IPHONEOS_DEPLOYMENT_TARGET = 14.5;
				MTL_ENABLE_DEBUG_INFO = NO;
				MTL_FAST_MATH = YES;
				SDKROOT = iphoneos;
				SWIFT_COMPILATION_MODE = wholemodule;
				SWIFT_OPTIMIZATION_LEVEL = "-O";
				VALIDATE_PRODUCT = YES;
			};
			name = Release;
		};
		C4ADDF4329D8E6AF004E6CCB /* Debug */ = {
			isa = XCBuildConfiguration;
			buildSettings = {
				ASSETCATALOG_COMPILER_APPICON_NAME = AppIcon;
				ASSETCATALOG_COMPILER_GLOBAL_ACCENT_COLOR_NAME = AccentColor;
				CODE_SIGN_STYLE = Automatic;
				DEVELOPMENT_ASSET_PATHS = "\"CleanEnergyCalculator/Preview Content\"";
				DEVELOPMENT_TEAM = 89M57TJM3V;
				ENABLE_PREVIEWS = YES;
				INFOPLIST_FILE = CleanEnergyCalculator/Info.plist;
				IPHONEOS_DEPLOYMENT_TARGET = 14.0;
				LD_RUNPATH_SEARCH_PATHS = (
					"$(inherited)",
					"@executable_path/Frameworks",
				);
				PRODUCT_BUNDLE_IDENTIFIER = com.kayla.CleanEnergyCalculator;
				PRODUCT_NAME = "$(TARGET_NAME)";
				SWIFT_VERSION = 5.0;
				TARGETED_DEVICE_FAMILY = "1,2";
			};
			name = Debug;
		};
		C4ADDF4429D8E6AF004E6CCB /* Release */ = {
			isa = XCBuildConfiguration;
			buildSettings = {
				ASSETCATALOG_COMPILER_APPICON_NAME = AppIcon;
				ASSETCATALOG_COMPILER_GLOBAL_ACCENT_COLOR_NAME = AccentColor;
				CODE_SIGN_STYLE = Automatic;
				DEVELOPMENT_ASSET_PATHS = "\"CleanEnergyCalculator/Preview Content\"";
				DEVELOPMENT_TEAM = 89M57TJM3V;
				ENABLE_PREVIEWS = YES;
				INFOPLIST_FILE = CleanEnergyCalculator/Info.plist;
				IPHONEOS_DEPLOYMENT_TARGET = 14.0;
				LD_RUNPATH_SEARCH_PATHS = (
					"$(inherited)",
					"@executable_path/Frameworks",
				);
				PRODUCT_BUNDLE_IDENTIFIER = com.kayla.CleanEnergyCalculator;
				PRODUCT_NAME = "$(TARGET_NAME)";
				SWIFT_VERSION = 5.0;
				TARGETED_DEVICE_FAMILY = "1,2";
			};
			name = Release;
		};
/* End XCBuildConfiguration section */

/* Begin XCConfigurationList section */
		C4ADDF2E29D8E6AC004E6CCB /* Build configuration list for PBXProject "CleanEnergyCalculator" */ = {
			isa = XCConfigurationList;
			buildConfigurations = (
				C4ADDF4029D8E6AF004E6CCB /* Debug */,
				C4ADDF4129D8E6AF004E6CCB /* Release */,
			);
			defaultConfigurationIsVisible = 0;
			defaultConfigurationName = Release;
		};
		C4ADDF4229D8E6AF004E6CCB /* Build configuration list for PBXNativeTarget "CleanEnergyCalculator" */ = {
			isa = XCConfigurationList;
			buildConfigurations = (
				C4ADDF4329D8E6AF004E6CCB /* Debug */,
				C4ADDF4429D8E6AF004E6CCB /* Release */,
			);
			defaultConfigurationIsVisible = 0;
			defaultConfigurationName = Release;
		};
/* End XCConfigurationList section */
	};
	rootObject = C4ADDF2B29D8E6AC004E6CCB /* Project object */;
}
